
Microsoft Visual Studio Solution File, Format Version 12.00
# Visual Studio Version 16
VisualStudioVersion = 16.0.29519.87
MinimumVisualStudioVersion = 10.0.40219.1
Project("{9A19103F-16F7-4668-BE54-9A1E7A4F7556}") = "ReedSolomon", "ReedSolomonCCSDS\ReedSolomon\ReedSolomon.csproj", "{56286304-8AEA-488F-AFCF-D7FAFC0641F3}"
EndProject
Project("{9A19103F-16F7-4668-BE54-9A1E7A4F7556}") = "Acrux1Payloads", "Acrux1Payloads\Acrux1Payloads.csproj", "{C09A42B2-3BE2-4CEB-BB21-247A05107876}"
EndProject
Project("{FAE04EC0-301F-11D3-BF4B-00C04F79EFBC}") = "SatnogsApi", "SatnogsApi\SatnogsApi.csproj", "{C34BA254-3994-4602-A4B1-2654994F9195}"
EndProject
Project("{FAE04EC0-301F-11D3-BF4B-00C04F79EFBC}") = "Acrux1Tools.Web", "Acrux1Tools.Web\Acrux1Tools.Web.csproj", "{EFC2B944-7FB8-47F8-92E5-22FF5C4DBD2E}"
EndProject
Global
	GlobalSection(SolutionConfigurationPlatforms) = preSolution
		Debug|Any CPU = Debug|Any CPU
		Release|Any CPU = Release|Any CPU
	EndGlobalSection
	GlobalSection(ProjectConfigurationPlatforms) = postSolution
		{56286304-8AEA-488F-AFCF-D7FAFC0641F3}.Debug|Any CPU.ActiveCfg = Debug|Any CPU
		{56286304-8AEA-488F-AFCF-D7FAFC0641F3}.Debug|Any CPU.Build.0 = Debug|Any CPU
		{56286304-8AEA-488F-AFCF-D7FAFC0641F3}.Release|Any CPU.ActiveCfg = Release|Any CPU
		{56286304-8AEA-488F-AFCF-D7FAFC0641F3}.Release|Any CPU.Build.0 = Release|Any CPU
		{C09A42B2-3BE2-4CEB-BB21-247A05107876}.Debug|Any CPU.ActiveCfg = Debug|Any CPU
		{C09A42B2-3BE2-4CEB-BB21-247A05107876}.Debug|Any CPU.Build.0 = Debug|Any CPU
		{C09A42B2-3BE2-4CEB-BB21-247A05107876}.Release|Any CPU.ActiveCfg = Release|Any CPU
		{C09A42B2-3BE2-4CEB-BB21-247A05107876}.Release|Any CPU.Build.0 = Release|Any CPU
		{C34BA254-3994-4602-A4B1-2654994F9195}.Debug|Any CPU.ActiveCfg = Debug|Any CPU
		{C34BA254-3994-4602-A4B1-2654994F9195}.Debug|Any CPU.Build.0 = Debug|Any CPU
		{C34BA254-3994-4602-A4B1-2654994F9195}.Release|Any CPU.ActiveCfg = Release|Any CPU
		{C34BA254-3994-4602-A4B1-2654994F9195}.Release|Any CPU.Build.0 = Release|Any CPU
		{EFC2B944-7FB8-47F8-92E5-22FF5C4DBD2E}.Debug|Any CPU.ActiveCfg = Debug|Any CPU
		{EFC2B944-7FB8-47F8-92E5-22FF5C4DBD2E}.Debug|Any CPU.Build.0 = Debug|Any CPU
		{EFC2B944-7FB8-47F8-92E5-22FF5C4DBD2E}.Release|Any CPU.ActiveCfg = Release|Any CPU
		{EFC2B944-7FB8-47F8-92E5-22FF5C4DBD2E}.Release|Any CPU.Build.0 = Release|Any CPU
	EndGlobalSection
	GlobalSection(SolutionProperties) = preSolution
		HideSolutionNode = FALSE
	EndGlobalSection
	GlobalSection(ExtensibilityGlobals) = postSolution
		SolutionGuid = {3FFC0FBD-7C5F-4F13-8223-8877FE643BF0}
	EndGlobalSection
EndGlobal
